
Microsoft Visual Studio Solution File, Format Version 12.00
# Visual Studio Version 17
VisualStudioVersion = 17.11.35312.102
MinimumVisualStudioVersion = 10.0.40219.1
Project("{FAE04EC0-301F-11D3-BF4B-00C04F79EFBC}") = "sapmle-app", "sapmle-app\sapmle-app.csproj", "{B2112C1C-EB6A-48D8-A716-49E49C878588}"
EndProject
Global
	GlobalSection(SolutionConfigurationPlatforms) = preSolution
		Debug|Any CPU = Debug|Any CPU
		Release|Any CPU = Release|Any CPU
	EndGlobalSection
	GlobalSection(ProjectConfigurationPlatforms) = postSolution
		{B2112C1C-EB6A-48D8-A716-49E49C878588}.Debug|Any CPU.ActiveCfg = Debug|Any CPU
		{B2112C1C-EB6A-48D8-A716-49E49C878588}.Debug|Any CPU.Build.0 = Debug|Any CPU
		{B2112C1C-EB6A-48D8-A716-49E49C878588}.Release|Any CPU.ActiveCfg = Release|Any CPU
		{B2112C1C-EB6A-48D8-A716-49E49C878588}.Release|Any CPU.Build.0 = Release|Any CPU
	EndGlobalSection
	GlobalSection(SolutionProperties) = preSolution
		HideSolutionNode = FALSE
	EndGlobalSection
	GlobalSection(ExtensibilityGlobals) = postSolution
		SolutionGuid = {BBAF1FE2-8B15-4D1B-BD91-29AC26990540}
	EndGlobalSection
EndGlobal
